
Microsoft Visual Studio Solution File, Format Version 12.00
# Visual Studio Version 16
VisualStudioVersion = 16.0.32901.82
MinimumVisualStudioVersion = 10.0.40219.1
Project("{FAE04EC0-301F-11D3-BF4B-00C04F79EFBC}") = "AthenaLog", "AthenaLog\AthenaLog.csproj", "{15A48AA9-167A-4DFF-98CA-5508D933C5FD}"
EndProject
Global
	GlobalSection(SolutionConfigurationPlatforms) = preSolution
		Debug|Any CPU = Debug|Any CPU
		Release|Any CPU = Release|Any CPU
	EndGlobalSection
	GlobalSection(ProjectConfigurationPlatforms) = postSolution
		{15A48AA9-167A-4DFF-98CA-5508D933C5FD}.Debug|Any CPU.ActiveCfg = Debug|Any CPU
		{15A48AA9-167A-4DFF-98CA-5508D933C5FD}.Debug|Any CPU.Build.0 = Debug|Any CPU
		{15A48AA9-167A-4DFF-98CA-5508D933C5FD}.Release|Any CPU.ActiveCfg = Release|Any CPU
		{15A48AA9-167A-4DFF-98CA-5508D933C5FD}.Release|Any CPU.Build.0 = Release|Any CPU
	EndGlobalSection
	GlobalSection(SolutionProperties) = preSolution
		HideSolutionNode = FALSE
	EndGlobalSection
	GlobalSection(ExtensibilityGlobals) = postSolution
		SolutionGuid = {2A2332C7-B442-4C67-818B-2BC307DD7886}
	EndGlobalSection
EndGlobal
